
Microsoft Visual Studio Solution File, Format Version 12.00
# Visual Studio 15
VisualStudioVersion = 15.0.28307.852
MinimumVisualStudioVersion = 10.0.40219.1
Project("{FAE04EC0-301F-11D3-BF4B-00C04F79EFBC}") = "DbD.Android", "DbD\DbD.Android\DbD.Android.csproj", "{7D291841-08EF-47ED-87A5-381DAB61E491}"
EndProject
Project("{FAE04EC0-301F-11D3-BF4B-00C04F79EFBC}") = "DbD.iOS", "DbD\DbD.iOS\DbD.iOS.csproj", "{0782FF31-44BA-4E1B-807E-3FBA86252183}"
EndProject
Project("{FAE04EC0-301F-11D3-BF4B-00C04F79EFBC}") = "DbD.UWP", "DbD\DbD.UWP\DbD.UWP.csproj", "{46556630-AACA-4EB3-89A5-4834BD176234}"
EndProject
Project("{FAE04EC0-301F-11D3-BF4B-00C04F79EFBC}") = "DbD", "DbD\DbD\DbD.csproj", "{68E807F6-2D28-4022-A48E-7018343BC2BD}"
EndProject
Global
	GlobalSection(SolutionConfigurationPlatforms) = preSolution
		Ad-Hoc|Any CPU = Ad-Hoc|Any CPU
		Ad-Hoc|ARM = Ad-Hoc|ARM
		Ad-Hoc|iPhone = Ad-Hoc|iPhone
		Ad-Hoc|iPhoneSimulator = Ad-Hoc|iPhoneSimulator
		Ad-Hoc|x64 = Ad-Hoc|x64
		Ad-Hoc|x86 = Ad-Hoc|x86
		AppStore|Any CPU = AppStore|Any CPU
		AppStore|ARM = AppStore|ARM
		AppStore|iPhone = AppStore|iPhone
		AppStore|iPhoneSimulator = AppStore|iPhoneSimulator
		AppStore|x64 = AppStore|x64
		AppStore|x86 = AppStore|x86
		Debug|Any CPU = Debug|Any CPU
		Debug|ARM = Debug|ARM
		Debug|iPhone = Debug|iPhone
		Debug|iPhoneSimulator = Debug|iPhoneSimulator
		Debug|x64 = Debug|x64
		Debug|x86 = Debug|x86
		Release|Any CPU = Release|Any CPU
		Release|ARM = Release|ARM
		Release|iPhone = Release|iPhone
		Release|iPhoneSimulator = Release|iPhoneSimulator
		Release|x64 = Release|x64
		Release|x86 = Release|x86
	EndGlobalSection
	GlobalSection(ProjectConfigurationPlatforms) = postSolution
		{7D291841-08EF-47ED-87A5-381DAB61E491}.Ad-Hoc|Any CPU.ActiveCfg = Release|Any CPU
		{7D291841-08EF-47ED-87A5-381DAB61E491}.Ad-Hoc|Any CPU.Build.0 = Release|Any CPU
		{7D291841-08EF-47ED-87A5-381DAB61E491}.Ad-Hoc|Any CPU.Deploy.0 = Release|Any CPU
		{7D291841-08EF-47ED-87A5-381DAB61E491}.Ad-Hoc|ARM.ActiveCfg = Release|Any CPU
		{7D291841-08EF-47ED-87A5-381DAB61E491}.Ad-Hoc|ARM.Build.0 = Release|Any CPU
		{7D291841-08EF-47ED-87A5-381DAB61E491}.Ad-Hoc|ARM.Deploy.0 = Release|Any CPU
		{7D291841-08EF-47ED-87A5-381DAB61E491}.Ad-Hoc|iPhone.ActiveCfg = Release|Any CPU
		{7D291841-08EF-47ED-87A5-381DAB61E491}.Ad-Hoc|iPhone.Build.0 = Release|Any CPU
		{7D291841-08EF-47ED-87A5-381DAB61E491}.Ad-Hoc|iPhone.Deploy.0 = Release|Any CPU
		{7D291841-08EF-47ED-87A5-381DAB61E491}.Ad-Hoc|iPhoneSimulator.ActiveCfg = Release|Any CPU
		{7D291841-08EF-47ED-87A5-381DAB61E491}.Ad-Hoc|iPhoneSimulator.Build.0 = Release|Any CPU
		{7D291841-08EF-47ED-87A5-381DAB61E491}.Ad-Hoc|iPhoneSimulator.Deploy.0 = Release|Any CPU
		{7D291841-08EF-47ED-87A5-381DAB61E491}.Ad-Hoc|x64.ActiveCfg = Release|Any CPU
		{7D291841-08EF-47ED-87A5-381DAB61E491}.Ad-Hoc|x64.Build.0 = Release|Any CPU
		{7D291841-08EF-47ED-87A5-381DAB61E491}.Ad-Hoc|x64.Deploy.0 = Release|Any CPU
		{7D291841-08EF-47ED-87A5-381DAB61E491}.Ad-Hoc|x86.ActiveCfg = Release|Any CPU
		{7D291841-08EF-47ED-87A5-381DAB61E491}.Ad-Hoc|x86.Build.0 = Release|Any CPU
		{7D291841-08EF-47ED-87A5-381DAB61E491}.Ad-Hoc|x86.Deploy.0 = Release|Any CPU
		{7D291841-08EF-47ED-87A5-381DAB61E491}.AppStore|Any CPU.ActiveCfg = Release|Any CPU
		{7D291841-08EF-47ED-87A5-381DAB61E491}.AppStore|Any CPU.Build.0 = Release|Any CPU
		{7D291841-08EF-47ED-87A5-381DAB61E491}.AppStore|Any CPU.Deploy.0 = Release|Any CPU
		{7D291841-08EF-47ED-87A5-381DAB61E491}.AppStore|ARM.ActiveCfg = Release|Any CPU
		{7D291841-08EF-47ED-87A5-381DAB61E491}.AppStore|ARM.Build.0 = Release|Any CPU
		{7D291841-08EF-47ED-87A5-381DAB61E491}.AppStore|ARM.Deploy.0 = Release|Any CPU
		{7D291841-08EF-47ED-87A5-381DAB61E491}.AppStore|iPhone.ActiveCfg = Release|Any CPU
		{7D291841-08EF-47ED-87A5-381DAB61E491}.AppStore|iPhone.Build.0 = Release|Any CPU
		{7D291841-08EF-47ED-87A5-381DAB61E491}.AppStore|iPhone.Deploy.0 = Release|Any CPU
		{7D291841-08EF-47ED-87A5-381DAB61E491}.AppStore|iPhoneSimulator.ActiveCfg = Release|Any CPU
		{7D291841-08EF-47ED-87A5-381DAB61E491}.AppStore|iPhoneSimulator.Build.0 = Release|Any CPU
		{7D291841-08EF-47ED-87A5-381DAB61E491}.AppStore|iPhoneSimulator.Deploy.0 = Release|Any CPU
		{7D291841-08EF-47ED-87A5-381DAB61E491}.AppStore|x64.ActiveCfg = Release|Any CPU
		{7D291841-08EF-47ED-87A5-381DAB61E491}.AppStore|x64.Build.0 = Release|Any CPU
		{7D291841-08EF-47ED-87A5-381DAB61E491}.AppStore|x64.Deploy.0 = Release|Any CPU
		{7D291841-08EF-47ED-87A5-381DAB61E491}.AppStore|x86.ActiveCfg = Release|Any CPU
		{7D291841-08EF-47ED-87A5-381DAB61E491}.AppStore|x86.Build.0 = Release|Any CPU
		{7D291841-08EF-47ED-87A5-381DAB61E491}.AppStore|x86.Deploy.0 = Release|Any CPU
		{7D291841-08EF-47ED-87A5-381DAB61E491}.Debug|Any CPU.ActiveCfg = Debug|Any CPU
		{7D291841-08EF-47ED-87A5-381DAB61E491}.Debug|Any CPU.Build.0 = Debug|Any CPU
		{7D291841-08EF-47ED-87A5-381DAB61E491}.Debug|Any CPU.Deploy.0 = Debug|Any CPU
		{7D291841-08EF-47ED-87A5-381DAB61E491}.Debug|ARM.ActiveCfg = Debug|Any CPU
		{7D291841-08EF-47ED-87A5-381DAB61E491}.Debug|ARM.Build.0 = Debug|Any CPU
		{7D291841-08EF-47ED-87A5-381DAB61E491}.Debug|ARM.Deploy.0 = Debug|Any CPU
		{7D291841-08EF-47ED-87A5-381DAB61E491}.Debug|iPhone.ActiveCfg = Debug|Any CPU
		{7D291841-08EF-47ED-87A5-381DAB61E491}.Debug|iPhone.Build.0 = Debug|Any CPU
		{7D291841-08EF-47ED-87A5-381DAB61E491}.Debug|iPhone.Deploy.0 = Debug|Any CPU
		{7D291841-08EF-47ED-87A5-381DAB61E491}.Debug|iPhoneSimulator.ActiveCfg = Debug|Any CPU
		{7D291841-08EF-47ED-87A5-381DAB61E491}.Debug|iPhoneSimulator.Build.0 = Debug|Any CPU
		{7D291841-08EF-47ED-87A5-381DAB61E491}.Debug|iPhoneSimulator.Deploy.0 = Debug|Any CPU
		{7D291841-08EF-47ED-87A5-381DAB61E491}.Debug|x64.ActiveCfg = Debug|Any CPU
		{7D291841-08EF-47ED-87A5-381DAB61E491}.Debug|x64.Build.0 = Debug|Any CPU
		{7D291841-08EF-47ED-87A5-381DAB61E491}.Debug|x64.Deploy.0 = Debug|Any CPU
		{7D291841-08EF-47ED-87A5-381DAB61E491}.Debug|x86.ActiveCfg = Debug|Any CPU
		{7D291841-08EF-47ED-87A5-381DAB61E491}.Debug|x86.Build.0 = Debug|Any CPU
		{7D291841-08EF-47ED-87A5-381DAB61E491}.Debug|x86.Deploy.0 = Debug|Any CPU
		{7D291841-08EF-47ED-87A5-381DAB61E491}.Release|Any CPU.ActiveCfg = Release|Any CPU
		{7D291841-08EF-47ED-87A5-381DAB61E491}.Release|Any CPU.Build.0 = Release|Any CPU
		{7D291841-08EF-47ED-87A5-381DAB61E491}.Release|Any CPU.Deploy.0 = Release|Any CPU
		{7D291841-08EF-47ED-87A5-381DAB61E491}.Release|ARM.ActiveCfg = Release|Any CPU
		{7D291841-08EF-47ED-87A5-381DAB61E491}.Release|ARM.Build.0 = Release|Any CPU
		{7D291841-08EF-47ED-87A5-381DAB61E491}.Release|ARM.Deploy.0 = Release|Any CPU
		{7D291841-08EF-47ED-87A5-381DAB61E491}.Release|iPhone.ActiveCfg = Release|Any CPU
		{7D291841-08EF-47ED-87A5-381DAB61E491}.Release|iPhone.Build.0 = Release|Any CPU
		{7D291841-08EF-47ED-87A5-381DAB61E491}.Release|iPhone.Deploy.0 = Release|Any CPU
		{7D291841-08EF-47ED-87A5-381DAB61E491}.Release|iPhoneSimulator.ActiveCfg = Release|Any CPU
		{7D291841-08EF-47ED-87A5-381DAB61E491}.Release|iPhoneSimulator.Build.0 = Release|Any CPU
		{7D291841-08EF-47ED-87A5-381DAB61E491}.Release|iPhoneSimulator.Deploy.0 = Release|Any CPU
		{7D291841-08EF-47ED-87A5-381DAB61E491}.Release|x64.ActiveCfg = Release|Any CPU
		{7D291841-08EF-47ED-87A5-381DAB61E491}.Release|x64.Build.0 = Release|Any CPU
		{7D291841-08EF-47ED-87A5-381DAB61E491}.Release|x64.Deploy.0 = Release|Any CPU
		{7D291841-08EF-47ED-87A5-381DAB61E491}.Release|x86.ActiveCfg = Release|Any CPU
		{7D291841-08EF-47ED-87A5-381DAB61E491}.Release|x86.Build.0 = Release|Any CPU
		{7D291841-08EF-47ED-87A5-381DAB61E491}.Release|x86.Deploy.0 = Release|Any CPU
		{0782FF31-44BA-4E1B-807E-3FBA86252183}.Ad-Hoc|Any CPU.ActiveCfg = Ad-Hoc|iPhone
		{0782FF31-44BA-4E1B-807E-3FBA86252183}.Ad-Hoc|Any CPU.Build.0 = Ad-Hoc|iPhone
		{0782FF31-44BA-4E1B-807E-3FBA86252183}.Ad-Hoc|Any CPU.Deploy.0 = Ad-Hoc|iPhone
		{0782FF31-44BA-4E1B-807E-3FBA86252183}.Ad-Hoc|ARM.ActiveCfg = Ad-Hoc|iPhone
		{0782FF31-44BA-4E1B-807E-3FBA86252183}.Ad-Hoc|ARM.Build.0 = Ad-Hoc|iPhone
		{0782FF31-44BA-4E1B-807E-3FBA86252183}.Ad-Hoc|ARM.Deploy.0 = Ad-Hoc|iPhone
		{0782FF31-44BA-4E1B-807E-3FBA86252183}.Ad-Hoc|iPhone.ActiveCfg = Ad-Hoc|iPhone
		{0782FF31-44BA-4E1B-807E-3FBA86252183}.Ad-Hoc|iPhone.Build.0 = Ad-Hoc|iPhone
		{0782FF31-44BA-4E1B-807E-3FBA86252183}.Ad-Hoc|iPhone.Deploy.0 = Ad-Hoc|iPhone
		{0782FF31-44BA-4E1B-807E-3FBA86252183}.Ad-Hoc|iPhoneSimulator.ActiveCfg = Ad-Hoc|iPhoneSimulator
		{0782FF31-44BA-4E1B-807E-3FBA86252183}.Ad-Hoc|iPhoneSimulator.Build.0 = Ad-Hoc|iPhoneSimulator
		{0782FF31-44BA-4E1B-807E-3FBA86252183}.Ad-Hoc|iPhoneSimulator.Deploy.0 = Ad-Hoc|iPhoneSimulator
		{0782FF31-44BA-4E1B-807E-3FBA86252183}.Ad-Hoc|x64.ActiveCfg = Ad-Hoc|iPhone
		{0782FF31-44BA-4E1B-807E-3FBA86252183}.Ad-Hoc|x64.Build.0 = Ad-Hoc|iPhone
		{0782FF31-44BA-4E1B-807E-3FBA86252183}.Ad-Hoc|x64.Deploy.0 = Ad-Hoc|iPhone
		{0782FF31-44BA-4E1B-807E-3FBA86252183}.Ad-Hoc|x86.ActiveCfg = Ad-Hoc|iPhone
		{0782FF31-44BA-4E1B-807E-3FBA86252183}.Ad-Hoc|x86.Build.0 = Ad-Hoc|iPhone
		{0782FF31-44BA-4E1B-807E-3FBA86252183}.Ad-Hoc|x86.Deploy.0 = Ad-Hoc|iPhone
		{0782FF31-44BA-4E1B-807E-3FBA86252183}.AppStore|Any CPU.ActiveCfg = AppStore|iPhone
		{0782FF31-44BA-4E1B-807E-3FBA86252183}.AppStore|Any CPU.Build.0 = AppStore|iPhone
		{0782FF31-44BA-4E1B-807E-3FBA86252183}.AppStore|Any CPU.Deploy.0 = AppStore|iPhone
		{0782FF31-44BA-4E1B-807E-3FBA86252183}.AppStore|ARM.ActiveCfg = AppStore|iPhone
		{0782FF31-44BA-4E1B-807E-3FBA86252183}.AppStore|ARM.Build.0 = AppStore|iPhone
		{0782FF31-44BA-4E1B-807E-3FBA86252183}.AppStore|ARM.Deploy.0 = AppStore|iPhone
		{0782FF31-44BA-4E1B-807E-3FBA86252183}.AppStore|iPhone.ActiveCfg = AppStore|iPhone
		{0782FF31-44BA-4E1B-807E-3FBA86252183}.AppStore|iPhone.Build.0 = AppStore|iPhone
		{0782FF31-44BA-4E1B-807E-3FBA86252183}.AppStore|iPhone.Deploy.0 = AppStore|iPhone
		{0782FF31-44BA-4E1B-807E-3FBA86252183}.AppStore|iPhoneSimulator.ActiveCfg = AppStore|iPhoneSimulator
		{0782FF31-44BA-4E1B-807E-3FBA86252183}.AppStore|iPhoneSimulator.Build.0 = AppStore|iPhoneSimulator
		{0782FF31-44BA-4E1B-807E-3FBA86252183}.AppStore|iPhoneSimulator.Deploy.0 = AppStore|iPhoneSimulator
		{0782FF31-44BA-4E1B-807E-3FBA86252183}.AppStore|x64.ActiveCfg = AppStore|iPhone
		{0782FF31-44BA-4E1B-807E-3FBA86252183}.AppStore|x64.Build.0 = AppStore|iPhone
		{0782FF31-44BA-4E1B-807E-3FBA86252183}.AppStore|x64.Deploy.0 = AppStore|iPhone
		{0782FF31-44BA-4E1B-807E-3FBA86252183}.AppStore|x86.ActiveCfg = AppStore|iPhone
		{0782FF31-44BA-4E1B-807E-3FBA86252183}.AppStore|x86.Build.0 = AppStore|iPhone
		{0782FF31-44BA-4E1B-807E-3FBA86252183}.AppStore|x86.Deploy.0 = AppStore|iPhone
		{0782FF31-44BA-4E1B-807E-3FBA86252183}.Debug|Any CPU.ActiveCfg = Debug|iPhoneSimulator
		{0782FF31-44BA-4E1B-807E-3FBA86252183}.Debug|Any CPU.Build.0 = Debug|iPhoneSimulator
		{0782FF31-44BA-4E1B-807E-3FBA86252183}.Debug|Any CPU.Deploy.0 = Debug|iPhoneSimulator
		{0782FF31-44BA-4E1B-807E-3FBA86252183}.Debug|ARM.ActiveCfg = Debug|iPhone
		{0782FF31-44BA-4E1B-807E-3FBA86252183}.Debug|ARM.Build.0 = Debug|iPhone
		{0782FF31-44BA-4E1B-807E-3FBA86252183}.Debug|ARM.Deploy.0 = Debug|iPhone
		{0782FF31-44BA-4E1B-807E-3FBA86252183}.Debug|iPhone.ActiveCfg = Debug|iPhone
		{0782FF31-44BA-4E1B-807E-3FBA86252183}.Debug|iPhone.Build.0 = Debug|iPhone
		{0782FF31-44BA-4E1B-807E-3FBA86252183}.Debug|iPhone.Deploy.0 = Debug|iPhone
		{0782FF31-44BA-4E1B-807E-3FBA86252183}.Debug|iPhoneSimulator.ActiveCfg = Debug|iPhoneSimulator
		{0782FF31-44BA-4E1B-807E-3FBA86252183}.Debug|iPhoneSimulator.Build.0 = Debug|iPhoneSimulator
		{0782FF31-44BA-4E1B-807E-3FBA86252183}.Debug|iPhoneSimulator.Deploy.0 = Debug|iPhoneSimulator
		{0782FF31-44BA-4E1B-807E-3FBA86252183}.Debug|x64.ActiveCfg = Debug|iPhone
		{0782FF31-44BA-4E1B-807E-3FBA86252183}.Debug|x64.Build.0 = Debug|iPhone
		{0782FF31-44BA-4E1B-807E-3FBA86252183}.Debug|x64.Deploy.0 = Debug|iPhone
		{0782FF31-44BA-4E1B-807E-3FBA86252183}.Debug|x86.ActiveCfg = Debug|iPhone
		{0782FF31-44BA-4E1B-807E-3FBA86252183}.Debug|x86.Build.0 = Debug|iPhone
		{0782FF31-44BA-4E1B-807E-3FBA86252183}.Debug|x86.Deploy.0 = Debug|iPhone
		{0782FF31-44BA-4E1B-807E-3FBA86252183}.Release|Any CPU.ActiveCfg = Release|iPhone
		{0782FF31-44BA-4E1B-807E-3FBA86252183}.Release|Any CPU.Build.0 = Release|iPhone
		{0782FF31-44BA-4E1B-807E-3FBA86252183}.Release|Any CPU.Deploy.0 = Release|iPhone
		{0782FF31-44BA-4E1B-807E-3FBA86252183}.Release|ARM.ActiveCfg = Release|iPhone
		{0782FF31-44BA-4E1B-807E-3FBA86252183}.Release|ARM.Build.0 = Release|iPhone
		{0782FF31-44BA-4E1B-807E-3FBA86252183}.Release|ARM.Deploy.0 = Release|iPhone
		{0782FF31-44BA-4E1B-807E-3FBA86252183}.Release|iPhone.ActiveCfg = Release|iPhone
		{0782FF31-44BA-4E1B-807E-3FBA86252183}.Release|iPhone.Build.0 = Release|iPhone
		{0782FF31-44BA-4E1B-807E-3FBA86252183}.Release|iPhone.Deploy.0 = Release|iPhone
		{0782FF31-44BA-4E1B-807E-3FBA86252183}.Release|iPhoneSimulator.ActiveCfg = Release|iPhoneSimulator
		{0782FF31-44BA-4E1B-807E-3FBA86252183}.Release|iPhoneSimulator.Build.0 = Release|iPhoneSimulator
		{0782FF31-44BA-4E1B-807E-3FBA86252183}.Release|iPhoneSimulator.Deploy.0 = Release|iPhoneSimulator
		{0782FF31-44BA-4E1B-807E-3FBA86252183}.Release|x64.ActiveCfg = Release|iPhone
		{0782FF31-44BA-4E1B-807E-3FBA86252183}.Release|x64.Build.0 = Release|iPhone
		{0782FF31-44BA-4E1B-807E-3FBA86252183}.Release|x64.Deploy.0 = Release|iPhone
		{0782FF31-44BA-4E1B-807E-3FBA86252183}.Release|x86.ActiveCfg = Release|iPhone
		{0782FF31-44BA-4E1B-807E-3FBA86252183}.Release|x86.Build.0 = Release|iPhone
		{0782FF31-44BA-4E1B-807E-3FBA86252183}.Release|x86.Deploy.0 = Release|iPhone
		{46556630-AACA-4EB3-89A5-4834BD176234}.Ad-Hoc|Any CPU.ActiveCfg = Release|x86
		{46556630-AACA-4EB3-89A5-4834BD176234}.Ad-Hoc|Any CPU.Build.0 = Release|x86
		{46556630-AACA-4EB3-89A5-4834BD176234}.Ad-Hoc|Any CPU.Deploy.0 = Release|x86
		{46556630-AACA-4EB3-89A5-4834BD176234}.Ad-Hoc|ARM.ActiveCfg = Release|ARM
		{46556630-AACA-4EB3-89A5-4834BD176234}.Ad-Hoc|ARM.Build.0 = Release|ARM
		{46556630-AACA-4EB3-89A5-4834BD176234}.Ad-Hoc|ARM.Deploy.0 = Release|ARM
		{46556630-AACA-4EB3-89A5-4834BD176234}.Ad-Hoc|iPhone.ActiveCfg = Release|x86
		{46556630-AACA-4EB3-89A5-4834BD176234}.Ad-Hoc|iPhone.Build.0 = Release|x86
		{46556630-AACA-4EB3-89A5-4834BD176234}.Ad-Hoc|iPhone.Deploy.0 = Release|x86
		{46556630-AACA-4EB3-89A5-4834BD176234}.Ad-Hoc|iPhoneSimulator.ActiveCfg = Release|x86
		{46556630-AACA-4EB3-89A5-4834BD176234}.Ad-Hoc|iPhoneSimulator.Build.0 = Release|x86
		{46556630-AACA-4EB3-89A5-4834BD176234}.Ad-Hoc|iPhoneSimulator.Deploy.0 = Release|x86
		{46556630-AACA-4EB3-89A5-4834BD176234}.Ad-Hoc|x64.ActiveCfg = Release|x64
		{46556630-AACA-4EB3-89A5-4834BD176234}.Ad-Hoc|x64.Build.0 = Release|x64
		{46556630-AACA-4EB3-89A5-4834BD176234}.Ad-Hoc|x64.Deploy.0 = Release|x64
		{46556630-AACA-4EB3-89A5-4834BD176234}.Ad-Hoc|x86.ActiveCfg = Release|x86
		{46556630-AACA-4EB3-89A5-4834BD176234}.Ad-Hoc|x86.Build.0 = Release|x86
		{46556630-AACA-4EB3-89A5-4834BD176234}.Ad-Hoc|x86.Deploy.0 = Release|x86
		{46556630-AACA-4EB3-89A5-4834BD176234}.AppStore|Any CPU.ActiveCfg = Release|x86
		{46556630-AACA-4EB3-89A5-4834BD176234}.AppStore|Any CPU.Build.0 = Release|x86
		{46556630-AACA-4EB3-89A5-4834BD176234}.AppStore|Any CPU.Deploy.0 = Release|x86
		{46556630-AACA-4EB3-89A5-4834BD176234}.AppStore|ARM.ActiveCfg = Release|ARM
		{46556630-AACA-4EB3-89A5-4834BD176234}.AppStore|ARM.Build.0 = Release|ARM
		{46556630-AACA-4EB3-89A5-4834BD176234}.AppStore|ARM.Deploy.0 = Release|ARM
		{46556630-AACA-4EB3-89A5-4834BD176234}.AppStore|iPhone.ActiveCfg = Release|x86
		{46556630-AACA-4EB3-89A5-4834BD176234}.AppStore|iPhone.Build.0 = Release|x86
		{46556630-AACA-4EB3-89A5-4834BD176234}.AppStore|iPhone.Deploy.0 = Release|x86
		{46556630-AACA-4EB3-89A5-4834BD176234}.AppStore|iPhoneSimulator.ActiveCfg = Release|x86
		{46556630-AACA-4EB3-89A5-4834BD176234}.AppStore|iPhoneSimulator.Build.0 = Release|x86
		{46556630-AACA-4EB3-89A5-4834BD176234}.AppStore|iPhoneSimulator.Deploy.0 = Release|x86
		{46556630-AACA-4EB3-89A5-4834BD176234}.AppStore|x64.ActiveCfg = Release|x64
		{46556630-AACA-4EB3-89A5-4834BD176234}.AppStore|x64.Build.0 = Release|x64
		{46556630-AACA-4EB3-89A5-4834BD176234}.AppStore|x64.Deploy.0 = Release|x64
		{46556630-AACA-4EB3-89A5-4834BD176234}.AppStore|x86.ActiveCfg = Release|x86
		{46556630-AACA-4EB3-89A5-4834BD176234}.AppStore|x86.Build.0 = Release|x86
		{46556630-AACA-4EB3-89A5-4834BD176234}.AppStore|x86.Deploy.0 = Release|x86
		{46556630-AACA-4EB3-89A5-4834BD176234}.Debug|Any CPU.ActiveCfg = Debug|x86
		{46556630-AACA-4EB3-89A5-4834BD176234}.Debug|Any CPU.Build.0 = Debug|x86
		{46556630-AACA-4EB3-89A5-4834BD176234}.Debug|Any CPU.Deploy.0 = Debug|x86
		{46556630-AACA-4EB3-89A5-4834BD176234}.Debug|ARM.ActiveCfg = Debug|ARM
		{46556630-AACA-4EB3-89A5-4834BD176234}.Debug|ARM.Build.0 = Debug|ARM
		{46556630-AACA-4EB3-89A5-4834BD176234}.Debug|ARM.Deploy.0 = Debug|ARM
		{46556630-AACA-4EB3-89A5-4834BD176234}.Debug|iPhone.ActiveCfg = Debug|x86
		{46556630-AACA-4EB3-89A5-4834BD176234}.Debug|iPhone.Build.0 = Debug|x86
		{46556630-AACA-4EB3-89A5-4834BD176234}.Debug|iPhone.Deploy.0 = Debug|x86
		{46556630-AACA-4EB3-89A5-4834BD176234}.Debug|iPhoneSimulator.ActiveCfg = Debug|x86
		{46556630-AACA-4EB3-89A5-4834BD176234}.Debug|iPhoneSimulator.Build.0 = Debug|x86
		{46556630-AACA-4EB3-89A5-4834BD176234}.Debug|iPhoneSimulator.Deploy.0 = Debug|x86
		{46556630-AACA-4EB3-89A5-4834BD176234}.Debug|x64.ActiveCfg = Debug|x64
		{46556630-AACA-4EB3-89A5-4834BD176234}.Debug|x64.Build.0 = Debug|x64
		{46556630-AACA-4EB3-89A5-4834BD176234}.Debug|x64.Deploy.0 = Debug|x64
		{46556630-AACA-4EB3-89A5-4834BD176234}.Debug|x86.ActiveCfg = Debug|x86
		{46556630-AACA-4EB3-89A5-4834BD176234}.Debug|x86.Build.0 = Debug|x86
		{46556630-AACA-4EB3-89A5-4834BD176234}.Debug|x86.Deploy.0 = Debug|x86
		{46556630-AACA-4EB3-89A5-4834BD176234}.Release|Any CPU.ActiveCfg = Release|x86
		{46556630-AACA-4EB3-89A5-4834BD176234}.Release|Any CPU.Build.0 = Release|x86
		{46556630-AACA-4EB3-89A5-4834BD176234}.Release|Any CPU.Deploy.0 = Release|x86
		{46556630-AACA-4EB3-89A5-4834BD176234}.Release|ARM.ActiveCfg = Release|ARM
		{46556630-AACA-4EB3-89A5-4834BD176234}.Release|ARM.Build.0 = Release|ARM
		{46556630-AACA-4EB3-89A5-4834BD176234}.Release|ARM.Deploy.0 = Release|ARM
		{46556630-AACA-4EB3-89A5-4834BD176234}.Release|iPhone.ActiveCfg = Release|x86
		{46556630-AACA-4EB3-89A5-4834BD176234}.Release|iPhone.Build.0 = Release|x86
		{46556630-AACA-4EB3-89A5-4834BD176234}.Release|iPhone.Deploy.0 = Release|x86
		{46556630-AACA-4EB3-89A5-4834BD176234}.Release|iPhoneSimulator.ActiveCfg = Release|x86
		{46556630-AACA-4EB3-89A5-4834BD176234}.Release|iPhoneSimulator.Build.0 = Release|x86
		{46556630-AACA-4EB3-89A5-4834BD176234}.Release|iPhoneSimulator.Deploy.0 = Release|x86
		{46556630-AACA-4EB3-89A5-4834BD176234}.Release|x64.ActiveCfg = Release|x64
		{46556630-AACA-4EB3-89A5-4834BD176234}.Release|x64.Build.0 = Release|x64
		{46556630-AACA-4EB3-89A5-4834BD176234}.Release|x64.Deploy.0 = Release|x64
		{46556630-AACA-4EB3-89A5-4834BD176234}.Release|x86.ActiveCfg = Release|x86
		{46556630-AACA-4EB3-89A5-4834BD176234}.Release|x86.Build.0 = Release|x86
		{46556630-AACA-4EB3-89A5-4834BD176234}.Release|x86.Deploy.0 = Release|x86
		{68E807F6-2D28-4022-A48E-7018343BC2BD}.Ad-Hoc|Any CPU.ActiveCfg = Debug|Any CPU
		{68E807F6-2D28-4022-A48E-7018343BC2BD}.Ad-Hoc|Any CPU.Build.0 = Debug|Any CPU
		{68E807F6-2D28-4022-A48E-7018343BC2BD}.Ad-Hoc|Any CPU.Deploy.0 = Debug|Any CPU
		{68E807F6-2D28-4022-A48E-7018343BC2BD}.Ad-Hoc|ARM.ActiveCfg = Debug|Any CPU
		{68E807F6-2D28-4022-A48E-7018343BC2BD}.Ad-Hoc|ARM.Build.0 = Debug|Any CPU
		{68E807F6-2D28-4022-A48E-7018343BC2BD}.Ad-Hoc|ARM.Deploy.0 = Debug|Any CPU
		{68E807F6-2D28-4022-A48E-7018343BC2BD}.Ad-Hoc|iPhone.ActiveCfg = Debug|Any CPU
		{68E807F6-2D28-4022-A48E-7018343BC2BD}.Ad-Hoc|iPhone.Build.0 = Debug|Any CPU
		{68E807F6-2D28-4022-A48E-7018343BC2BD}.Ad-Hoc|iPhone.Deploy.0 = Debug|Any CPU
		{68E807F6-2D28-4022-A48E-7018343BC2BD}.Ad-Hoc|iPhoneSimulator.ActiveCfg = Debug|Any CPU
		{68E807F6-2D28-4022-A48E-7018343BC2BD}.Ad-Hoc|iPhoneSimulator.Build.0 = Debug|Any CPU
		{68E807F6-2D28-4022-A48E-7018343BC2BD}.Ad-Hoc|iPhoneSimulator.Deploy.0 = Debug|Any CPU
		{68E807F6-2D28-4022-A48E-7018343BC2BD}.Ad-Hoc|x64.ActiveCfg = Debug|Any CPU
		{68E807F6-2D28-4022-A48E-7018343BC2BD}.Ad-Hoc|x64.Build.0 = Debug|Any CPU
		{68E807F6-2D28-4022-A48E-7018343BC2BD}.Ad-Hoc|x64.Deploy.0 = Debug|Any CPU
		{68E807F6-2D28-4022-A48E-7018343BC2BD}.Ad-Hoc|x86.ActiveCfg = Debug|Any CPU
		{68E807F6-2D28-4022-A48E-7018343BC2BD}.Ad-Hoc|x86.Build.0 = Debug|Any CPU
		{68E807F6-2D28-4022-A48E-7018343BC2BD}.Ad-Hoc|x86.Deploy.0 = Debug|Any CPU
		{68E807F6-2D28-4022-A48E-7018343BC2BD}.AppStore|Any CPU.ActiveCfg = Debug|Any CPU
		{68E807F6-2D28-4022-A48E-7018343BC2BD}.AppStore|Any CPU.Build.0 = Debug|Any CPU
		{68E807F6-2D28-4022-A48E-7018343BC2BD}.AppStore|Any CPU.Deploy.0 = Debug|Any CPU
		{68E807F6-2D28-4022-A48E-7018343BC2BD}.AppStore|ARM.ActiveCfg = Debug|Any CPU
		{68E807F6-2D28-4022-A48E-7018343BC2BD}.AppStore|ARM.Build.0 = Debug|Any CPU
		{68E807F6-2D28-4022-A48E-7018343BC2BD}.AppStore|ARM.Deploy.0 = Debug|Any CPU
		{68E807F6-2D28-4022-A48E-7018343BC2BD}.AppStore|iPhone.ActiveCfg = Debug|Any CPU
		{68E807F6-2D28-4022-A48E-7018343BC2BD}.AppStore|iPhone.Build.0 = Debug|Any CPU
		{68E807F6-2D28-4022-A48E-7018343BC2BD}.AppStore|iPhone.Deploy.0 = Debug|Any CPU
		{68E807F6-2D28-4022-A48E-7018343BC2BD}.AppStore|iPhoneSimulator.ActiveCfg = Debug|Any CPU
		{68E807F6-2D28-4022-A48E-7018343BC2BD}.AppStore|iPhoneSimulator.Build.0 = Debug|Any CPU
		{68E807F6-2D28-4022-A48E-7018343BC2BD}.AppStore|iPhoneSimulator.Deploy.0 = Debug|Any CPU
		{68E807F6-2D28-4022-A48E-7018343BC2BD}.AppStore|x64.ActiveCfg = Debug|Any CPU
		{68E807F6-2D28-4022-A48E-7018343BC2BD}.AppStore|x64.Build.0 = Debug|Any CPU
		{68E807F6-2D28-4022-A48E-7018343BC2BD}.AppStore|x64.Deploy.0 = Debug|Any CPU
		{68E807F6-2D28-4022-A48E-7018343BC2BD}.AppStore|x86.ActiveCfg = Debug|Any CPU
		{68E807F6-2D28-4022-A48E-7018343BC2BD}.AppStore|x86.Build.0 = Debug|Any CPU
		{68E807F6-2D28-4022-A48E-7018343BC2BD}.AppStore|x86.Deploy.0 = Debug|Any CPU
		{68E807F6-2D28-4022-A48E-7018343BC2BD}.Debug|Any CPU.ActiveCfg = Debug|Any CPU
		{68E807F6-2D28-4022-A48E-7018343BC2BD}.Debug|Any CPU.Build.0 = Debug|Any CPU
		{68E807F6-2D28-4022-A48E-7018343BC2BD}.Debug|Any CPU.Deploy.0 = Debug|Any CPU
		{68E807F6-2D28-4022-A48E-7018343BC2BD}.Debug|ARM.ActiveCfg = Debug|Any CPU
		{68E807F6-2D28-4022-A48E-7018343BC2BD}.Debug|ARM.Build.0 = Debug|Any CPU
		{68E807F6-2D28-4022-A48E-7018343BC2BD}.Debug|ARM.Deploy.0 = Debug|Any CPU
		{68E807F6-2D28-4022-A48E-7018343BC2BD}.Debug|iPhone.ActiveCfg = Debug|Any CPU
		{68E807F6-2D28-4022-A48E-7018343BC2BD}.Debug|iPhone.Build.0 = Debug|Any CPU
		{68E807F6-2D28-4022-A48E-7018343BC2BD}.Debug|iPhone.Deploy.0 = Debug|Any CPU
		{68E807F6-2D28-4022-A48E-7018343BC2BD}.Debug|iPhoneSimulator.ActiveCfg = Debug|Any CPU
		{68E807F6-2D28-4022-A48E-7018343BC2BD}.Debug|iPhoneSimulator.Build.0 = Debug|Any CPU
		{68E807F6-2D28-4022-A48E-7018343BC2BD}.Debug|iPhoneSimulator.Deploy.0 = Debug|Any CPU
		{68E807F6-2D28-4022-A48E-7018343BC2BD}.Debug|x64.ActiveCfg = Debug|Any CPU
		{68E807F6-2D28-4022-A48E-7018343BC2BD}.Debug|x64.Build.0 = Debug|Any CPU
		{68E807F6-2D28-4022-A48E-7018343BC2BD}.Debug|x64.Deploy.0 = Debug|Any CPU
		{68E807F6-2D28-4022-A48E-7018343BC2BD}.Debug|x86.ActiveCfg = Debug|Any CPU
		{68E807F6-2D28-4022-A48E-7018343BC2BD}.Debug|x86.Build.0 = Debug|Any CPU
		{68E807F6-2D28-4022-A48E-7018343BC2BD}.Debug|x86.Deploy.0 = Debug|Any CPU
		{68E807F6-2D28-4022-A48E-7018343BC2BD}.Release|Any CPU.ActiveCfg = Release|Any CPU
		{68E807F6-2D28-4022-A48E-7018343BC2BD}.Release|Any CPU.Build.0 = Release|Any CPU
		{68E807F6-2D28-4022-A48E-7018343BC2BD}.Release|Any CPU.Deploy.0 = Release|Any CPU
		{68E807F6-2D28-4022-A48E-7018343BC2BD}.Release|ARM.ActiveCfg = Release|Any CPU
		{68E807F6-2D28-4022-A48E-7018343BC2BD}.Release|ARM.Build.0 = Release|Any CPU
		{68E807F6-2D28-4022-A48E-7018343BC2BD}.Release|ARM.Deploy.0 = Release|Any CPU
		{68E807F6-2D28-4022-A48E-7018343BC2BD}.Release|iPhone.ActiveCfg = Release|Any CPU
		{68E807F6-2D28-4022-A48E-7018343BC2BD}.Release|iPhone.Build.0 = Release|Any CPU
		{68E807F6-2D28-4022-A48E-7018343BC2BD}.Release|iPhone.Deploy.0 = Release|Any CPU
		{68E807F6-2D28-4022-A48E-7018343BC2BD}.Release|iPhoneSimulator.ActiveCfg = Release|Any CPU
		{68E807F6-2D28-4022-A48E-7018343BC2BD}.Release|iPhoneSimulator.Build.0 = Release|Any CPU
		{68E807F6-2D28-4022-A48E-7018343BC2BD}.Release|iPhoneSimulator.Deploy.0 = Release|Any CPU
		{68E807F6-2D28-4022-A48E-7018343BC2BD}.Release|x64.ActiveCfg = Release|Any CPU
		{68E807F6-2D28-4022-A48E-7018343BC2BD}.Release|x64.Build.0 = Release|Any CPU
		{68E807F6-2D28-4022-A48E-7018343BC2BD}.Release|x64.Deploy.0 = Release|Any CPU
		{68E807F6-2D28-4022-A48E-7018343BC2BD}.Release|x86.ActiveCfg = Release|Any CPU
		{68E807F6-2D28-4022-A48E-7018343BC2BD}.Release|x86.Build.0 = Release|Any CPU
		{68E807F6-2D28-4022-A48E-7018343BC2BD}.Release|x86.Deploy.0 = Release|Any CPU
	EndGlobalSection
	GlobalSection(SolutionProperties) = preSolution
		HideSolutionNode = FALSE
	EndGlobalSection
	GlobalSection(ExtensibilityGlobals) = postSolution
		SolutionGuid = {74329A25-046B-4E70-BB56-CCFEBF745E42}
	EndGlobalSection
EndGlobal
